// !$*UTF8*$!
{
	archiveVersion = 1;
	classes = {
	};
	objectVersion = 46;
	objects = {

/* Begin PBXBuildFile section */
		C0DE5C0214EC4012002364D5 /* UIKit.framework in Frameworks */ = {isa = PBXBuildFile; fileRef = C0DE5C0114EC4012002364D5 /* UIKit.framework */; };
		C0DE5C0414EC4012002364D5 /* Foundation.framework in Frameworks */ = {isa = PBXBuildFile; fileRef = C0DE5C0314EC4012002364D5 /* Foundation.framework */; };
		C0DE5C0614EC4012002364D5 /* CoreGraphics.framework in Frameworks */ = {isa = PBXBuildFile; fileRef = C0DE5C0514EC4012002364D5 /* CoreGraphics.framework */; };
		C0DE5C0C14EC4012002364D5 /* InfoPlist.strings in Resources */ = {isa = PBXBuildFile; fileRef = C0DE5C0A14EC4012002364D5 /* InfoPlist.strings */; };
		C0DE5C0E14EC4012002364D5 /* main.m in Sources */ = {isa = PBXBuildFile; fileRef = C0DE5C0D14EC4012002364D5 /* main.m */; };
		C0DE5C1214EC4012002364D5 /* hyAppDelegate.m in Sources */ = {isa = PBXBuildFile; fileRef = C0DE5C1114EC4012002364D5 /* hyAppDelegate.m */; };
		C0DE5C1514EC4012002364D5 /* MainStoryboard.storyboard in Resources */ = {isa = PBXBuildFile; fileRef = C0DE5C1314EC4012002364D5 /* MainStoryboard.storyboard */; };
		C0DE5C1814EC4012002364D5 /* hyViewController.m in Sources */ = {isa = PBXBuildFile; fileRef = C0DE5C1714EC4012002364D5 /* hyViewController.m */; };
/* End PBXBuildFile section */

/* Begin PBXFileReference section */
		C0DE5BFD14EC4012002364D5 /* week3demoproject_complete.app */ = {isa = PBXFileReference; explicitFileType = wrapper.application; includeInIndex = 0; path = week3demoproject_complete.app; sourceTree = BUILT_PRODUCTS_DIR; };
		C0DE5C0114EC4012002364D5 /* UIKit.framework */ = {isa = PBXFileReference; lastKnownFileType = wrapper.framework; name = UIKit.framework; path = System/Library/Frameworks/UIKit.framework; sourceTree = SDKROOT; };
		C0DE5C0314EC4012002364D5 /* Foundation.framework */ = {isa = PBXFileReference; lastKnownFileType = wrapper.framework; name = Foundation.framework; path = System/Library/Frameworks/Foundation.framework; sourceTree = SDKROOT; };
		C0DE5C0514EC4012002364D5 /* CoreGraphics.framework */ = {isa = PBXFileReference; lastKnownFileType = wrapper.framework; name = CoreGraphics.framework; path = System/Library/Frameworks/CoreGraphics.framework; sourceTree = SDKROOT; };
		C0DE5C0914EC4012002364D5 /* week3demoproject_complete-Info.plist */ = {isa = PBXFileReference; lastKnownFileType = text.plist.xml; path = "week3demoproject_complete-Info.plist"; sourceTree = "<group>"; };
		C0DE5C0B14EC4012002364D5 /* en */ = {isa = PBXFileReference; lastKnownFileType = text.plist.strings; name = en; path = en.lproj/InfoPlist.strings; sourceTree = "<group>"; };
		C0DE5C0D14EC4012002364D5 /* main.m */ = {isa = PBXFileReference; lastKnownFileType = sourcecode.c.objc; path = main.m; sourceTree = "<group>"; };
		C0DE5C0F14EC4012002364D5 /* week3demoproject_complete-Prefix.pch */ = {isa = PBXFileReference; lastKnownFileType = sourcecode.c.h; path = "week3demoproject_complete-Prefix.pch"; sourceTree = "<group>"; };
		C0DE5C1014EC4012002364D5 /* hyAppDelegate.h */ = {isa = PBXFileReference; lastKnownFileType = sourcecode.c.h; path = hyAppDelegate.h; sourceTree = "<group>"; };
		C0DE5C1114EC4012002364D5 /* hyAppDelegate.m */ = {isa = PBXFileReference; lastKnownFileType = sourcecode.c.objc; path = hyAppDelegate.m; sourceTree = "<group>"; };
		C0DE5C1414EC4012002364D5 /* en */ = {isa = PBXFileReference; lastKnownFileType = file.storyboard; name = en; path = en.lproj/MainStoryboard.storyboard; sourceTree = "<group>"; };
		C0DE5C1614EC4012002364D5 /* hyViewController.h */ = {isa = PBXFileReference; lastKnownFileType = sourcecode.c.h; path = hyViewController.h; sourceTree = "<group>"; };
		C0DE5C1714EC4012002364D5 /* hyViewController.m */ = {isa = PBXFileReference; lastKnownFileType = sourcecode.c.objc; path = hyViewController.m; sourceTree = "<group>"; };
/* End PBXFileReference section */

/* Begin PBXFrameworksBuildPhase section */
		C0DE5BFA14EC4012002364D5 /* Frameworks */ = {
			isa = PBXFrameworksBuildPhase;
			buildActionMask = 2147483647;
			files = (
				C0DE5C0214EC4012002364D5 /* UIKit.framework in Frameworks */,
				C0DE5C0414EC4012002364D5 /* Foundation.framework in Frameworks */,
				C0DE5C0614EC4012002364D5 /* CoreGraphics.framework in Frameworks */,
			);
			runOnlyForDeploymentPostprocessing = 0;
		};
/* End PBXFrameworksBuildPhase section */

/* Begin PBXGroup section */
		C0DE5BF214EC4012002364D5 = {
			isa = PBXGroup;
			children = (
				C0DE5C0714EC4012002364D5 /* week3demoproject_complete */,
				C0DE5C0014EC4012002364D5 /* Frameworks */,
				C0DE5BFE14EC4012002364D5 /* Products */,
			);
			sourceTree = "<group>";
		};
		C0DE5BFE14EC4012002364D5 /* Products */ = {
			isa = PBXGroup;
			children = (
				C0DE5BFD14EC4012002364D5 /* week3demoproject_complete.app */,
			);
			name = Products;
			sourceTree = "<group>";
		};
		C0DE5C0014EC4012002364D5 /* Frameworks */ = {
			isa = PBXGroup;
			children = (
				C0DE5C0114EC4012002364D5 /* UIKit.framework */,
				C0DE5C0314EC4012002364D5 /* Foundation.framework */,
				C0DE5C0514EC4012002364D5 /* CoreGraphics.framework */,
			);
			name = Frameworks;
			sourceTree = "<group>";
		};
		C0DE5C0714EC4012002364D5 /* week3demoproject_complete */ = {
			isa = PBXGroup;
			children = (
				C0DE5C1014EC4012002364D5 /* hyAppDelegate.h */,
				C0DE5C1114EC4012002364D5 /* hyAppDelegate.m */,
				C0DE5C1314EC4012002364D5 /* MainStoryboard.storyboard */,
				C0DE5C1614EC4012002364D5 /* hyViewController.h */,
				C0DE5C1714EC4012002364D5 /* hyViewController.m */,
				C0DE5C0814EC4012002364D5 /* Supporting Files */,
			);
			path = week3demoproject_complete;
			sourceTree = "<group>";
		};
		C0DE5C0814EC4012002364D5 /* Supporting Files */ = {
			isa = PBXGroup;
			children = (
				C0DE5C0914EC4012002364D5 /* week3demoproject_complete-Info.plist */,
				C0DE5C0A14EC4012002364D5 /* InfoPlist.strings */,
				C0DE5C0D14EC4012002364D5 /* main.m */,
				C0DE5C0F14EC4012002364D5 /* week3demoproject_complete-Prefix.pch */,
			);
			name = "Supporting Files";
			sourceTree = "<group>";
		};
/* End PBXGroup section */

/* Begin PBXNativeTarget section */
		C0DE5BFC14EC4012002364D5 /* week3demoproject_complete */ = {
			isa = PBXNativeTarget;
			buildConfigurationList = C0DE5C1B14EC4012002364D5 /* Build configuration list for PBXNativeTarget "week3demoproject_complete" */;
			buildPhases = (
				C0DE5BF914EC4012002364D5 /* Sources */,
				C0DE5BFA14EC4012002364D5 /* Frameworks */,
				C0DE5BFB14EC4012002364D5 /* Resources */,
			);
			buildRules = (
			);
			dependencies = (
			);
			name = week3demoproject_complete;
			productName = week3demoproject_complete;
			productReference = C0DE5BFD14EC4012002364D5 /* week3demoproject_complete.app */;
			productType = "com.apple.product-type.application";
		};
/* End PBXNativeTarget section */

/* Begin PBXProject section */
		C0DE5BF414EC4012002364D5 /* Project object */ = {
			isa = PBXProject;
			attributes = {
				LastUpgradeCheck = 0420;
				ORGANIZATIONNAME = "Yale University";
			};
			buildConfigurationList = C0DE5BF714EC4012002364D5 /* Build configuration list for PBXProject "week3demoproject_complete" */;
			compatibilityVersion = "Xcode 3.2";
			developmentRegion = English;
			hasScannedForEncodings = 0;
			knownRegions = (
				en,
			);
			mainGroup = C0DE5BF214EC4012002364D5;
			productRefGroup = C0DE5BFE14EC4012002364D5 /* Products */;
			projectDirPath = "";
			projectRoot = "";
			targets = (
				C0DE5BFC14EC4012002364D5 /* week3demoproject_complete */,
			);
		};
/* End PBXProject section */

/* Begin PBXResourcesBuildPhase section */
		C0DE5BFB14EC4012002364D5 /* Resources */ = {
			isa = PBXResourcesBuildPhase;
			buildActionMask = 2147483647;
			files = (
				C0DE5C0C14EC4012002364D5 /* InfoPlist.strings in Resources */,
				C0DE5C1514EC4012002364D5 /* MainStoryboard.storyboard in Resources */,
			);
			runOnlyForDeploymentPostprocessing = 0;
		};
/* End PBXResourcesBuildPhase section */

/* Begin PBXSourcesBuildPhase section */
		C0DE5BF914EC4012002364D5 /* Sources */ = {
			isa = PBXSourcesBuildPhase;
			buildActionMask = 2147483647;
			files = (
				C0DE5C0E14EC4012002364D5 /* main.m in Sources */,
				C0DE5C1214EC4012002364D5 /* hyAppDelegate.m in Sources */,
				C0DE5C1814EC4012002364D5 /* hyViewController.m in Sources */,
			);
			runOnlyForDeploymentPostprocessing = 0;
		};
/* End PBXSourcesBuildPhase section */

/* Begin PBXVariantGroup section */
		C0DE5C0A14EC4012002364D5 /* InfoPlist.strings */ = {
			isa = PBXVariantGroup;
			children = (
				C0DE5C0B14EC4012002364D5 /* en */,
			);
			name = InfoPlist.strings;
			sourceTree = "<group>";
		};
		C0DE5C1314EC4012002364D5 /* MainStoryboard.storyboard */ = {
			isa = PBXVariantGroup;
			children = (
				C0DE5C1414EC4012002364D5 /* en */,
			);
			name = MainStoryboard.storyboard;
			sourceTree = "<group>";
		};
/* End PBXVariantGroup section */

/* Begin XCBuildConfiguration section */
		C0DE5C1914EC4012002364D5 /* Debug */ = {
			isa = XCBuildConfiguration;
			buildSettings = {
				ALWAYS_SEARCH_USER_PATHS = NO;
				ARCHS = "$(ARCHS_STANDARD_32_BIT)";
				"CODE_SIGN_IDENTITY[sdk=iphoneos*]" = "iPhone Developer";
				COPY_PHASE_STRIP = NO;
				GCC_C_LANGUAGE_STANDARD = gnu99;
				GCC_DYNAMIC_NO_PIC = NO;
				GCC_OPTIMIZATION_LEVEL = 0;
				GCC_PREPROCESSOR_DEFINITIONS = (
					"DEBUG=1",
					"$(inherited)",
				);
				GCC_SYMBOLS_PRIVATE_EXTERN = NO;
				GCC_VERSION = com.apple.compilers.llvm.clang.1_0;
				GCC_WARN_ABOUT_MISSING_PROTOTYPES = YES;
				GCC_WARN_ABOUT_RETURN_TYPE = YES;
				GCC_WARN_UNUSED_VARIABLE = YES;
				IPHONEOS_DEPLOYMENT_TARGET = 5.0;
				SDKROOT = iphoneos;
			};
			name = Debug;
		};
		C0DE5C1A14EC4012002364D5 /* Release */ = {
			isa = XCBuildConfiguration;
			buildSettings = {
				ALWAYS_SEARCH_USER_PATHS = NO;
				ARCHS = "$(ARCHS_STANDARD_32_BIT)";
				"CODE_SIGN_IDENTITY[sdk=iphoneos*]" = "iPhone Developer";
				COPY_PHASE_STRIP = YES;
				GCC_C_LANGUAGE_STANDARD = gnu99;
				GCC_VERSION = com.apple.compilers.llvm.clang.1_0;
				GCC_WARN_ABOUT_MISSING_PROTOTYPES = YES;
				GCC_WARN_ABOUT_RETURN_TYPE = YES;
				GCC_WARN_UNUSED_VARIABLE = YES;
				IPHONEOS_DEPLOYMENT_TARGET = 5.0;
				OTHER_CFLAGS = "-DNS_BLOCK_ASSERTIONS=1";
				SDKROOT = iphoneos;
				VALIDATE_PRODUCT = YES;
			};
			name = Release;
		};
		C0DE5C1C14EC4012002364D5 /* Debug */ = {
			isa = XCBuildConfiguration;
			buildSettings = {
				GCC_PRECOMPILE_PREFIX_HEADER = YES;
				GCC_PREFIX_HEADER = "week3demoproject_complete/week3demoproject_complete-Prefix.pch";
				INFOPLIST_FILE = "week3demoproject_complete/week3demoproject_complete-Info.plist";
				PRODUCT_NAME = "$(TARGET_NAME)";
				WRAPPER_EXTENSION = app;
			};
			name = Debug;
		};
		C0DE5C1D14EC4012002364D5 /* Release */ = {
			isa = XCBuildConfiguration;
			buildSettings = {
				GCC_PRECOMPILE_PREFIX_HEADER = YES;
				GCC_PREFIX_HEADER = "week3demoproject_complete/week3demoproject_complete-Prefix.pch";
				INFOPLIST_FILE = "week3demoproject_complete/week3demoproject_complete-Info.plist";
				PRODUCT_NAME = "$(TARGET_NAME)";
				WRAPPER_EXTENSION = app;
			};
			name = Release;
		};
/* End XCBuildConfiguration section */

/* Begin XCConfigurationList section */
		C0DE5BF714EC4012002364D5 /* Build configuration list for PBXProject "week3demoproject_complete" */ = {
			isa = XCConfigurationList;
			buildConfigurations = (
				C0DE5C1914EC4012002364D5 /* Debug */,
				C0DE5C1A14EC4012002364D5 /* Release */,
			);
			defaultConfigurationIsVisible = 0;
			defaultConfigurationName = Release;
		};
		C0DE5C1B14EC4012002364D5 /* Build configuration list for PBXNativeTarget "week3demoproject_complete" */ = {
			isa = XCConfigurationList;
			buildConfigurations = (
				C0DE5C1C14EC4012002364D5 /* Debug */,
				C0DE5C1D14EC4012002364D5 /* Release */,
			);
			defaultConfigurationIsVisible = 0;
		};
/* End XCConfigurationList section */
	};
	rootObject = C0DE5BF414EC4012002364D5 /* Project object */;
}
